
Microsoft Visual Studio Solution File, Format Version 12.00
# Visual Studio Version 16
VisualStudioVersion = 16.0.31321.278
MinimumVisualStudioVersion = 10.0.40219.1
Project("{FAE04EC0-301F-11D3-BF4B-00C04F79EFBC}") = "시험대비_10", "시험대비_10\시험대비_10.csproj", "{6120BB0E-6FF2-4050-9D3C-E017D19FBB4F}"
EndProject
Global
	GlobalSection(SolutionConfigurationPlatforms) = preSolution
		Debug|Any CPU = Debug|Any CPU
		Release|Any CPU = Release|Any CPU
	EndGlobalSection
	GlobalSection(ProjectConfigurationPlatforms) = postSolution
		{6120BB0E-6FF2-4050-9D3C-E017D19FBB4F}.Debug|Any CPU.ActiveCfg = Debug|Any CPU
		{6120BB0E-6FF2-4050-9D3C-E017D19FBB4F}.Debug|Any CPU.Build.0 = Debug|Any CPU
		{6120BB0E-6FF2-4050-9D3C-E017D19FBB4F}.Release|Any CPU.ActiveCfg = Release|Any CPU
		{6120BB0E-6FF2-4050-9D3C-E017D19FBB4F}.Release|Any CPU.Build.0 = Release|Any CPU
	EndGlobalSection
	GlobalSection(SolutionProperties) = preSolution
		HideSolutionNode = FALSE
	EndGlobalSection
	GlobalSection(ExtensibilityGlobals) = postSolution
		SolutionGuid = {619BD315-0D95-440F-A95F-9F2C3F86A3B1}
	EndGlobalSection
EndGlobal
