
Microsoft Visual Studio Solution File, Format Version 12.00
# Visual Studio Version 16
VisualStudioVersion = 16.0.31321.278
MinimumVisualStudioVersion = 10.0.40219.1
Project("{FAE04EC0-301F-11D3-BF4B-00C04F79EFBC}") = "시험대비_9", "시험대비_9\시험대비_9.csproj", "{26A8F24F-92FC-4957-84FF-D34719792A34}"
EndProject
Global
	GlobalSection(SolutionConfigurationPlatforms) = preSolution
		Debug|Any CPU = Debug|Any CPU
		Release|Any CPU = Release|Any CPU
	EndGlobalSection
	GlobalSection(ProjectConfigurationPlatforms) = postSolution
		{26A8F24F-92FC-4957-84FF-D34719792A34}.Debug|Any CPU.ActiveCfg = Debug|Any CPU
		{26A8F24F-92FC-4957-84FF-D34719792A34}.Debug|Any CPU.Build.0 = Debug|Any CPU
		{26A8F24F-92FC-4957-84FF-D34719792A34}.Release|Any CPU.ActiveCfg = Release|Any CPU
		{26A8F24F-92FC-4957-84FF-D34719792A34}.Release|Any CPU.Build.0 = Release|Any CPU
	EndGlobalSection
	GlobalSection(SolutionProperties) = preSolution
		HideSolutionNode = FALSE
	EndGlobalSection
	GlobalSection(ExtensibilityGlobals) = postSolution
		SolutionGuid = {692C83CF-150D-4CF4-AFF2-4F81EACFC297}
	EndGlobalSection
EndGlobal
