
Microsoft Visual Studio Solution File, Format Version 12.00
# Visual Studio Version 16
VisualStudioVersion = 16.0.31321.278
MinimumVisualStudioVersion = 10.0.40219.1
Project("{FAE04EC0-301F-11D3-BF4B-00C04F79EFBC}") = "시험대비_12", "시험대비_12\시험대비_12.csproj", "{92D8DA96-F9EC-4000-ADF2-DAB238F32D89}"
EndProject
Global
	GlobalSection(SolutionConfigurationPlatforms) = preSolution
		Debug|Any CPU = Debug|Any CPU
		Release|Any CPU = Release|Any CPU
	EndGlobalSection
	GlobalSection(ProjectConfigurationPlatforms) = postSolution
		{92D8DA96-F9EC-4000-ADF2-DAB238F32D89}.Debug|Any CPU.ActiveCfg = Debug|Any CPU
		{92D8DA96-F9EC-4000-ADF2-DAB238F32D89}.Debug|Any CPU.Build.0 = Debug|Any CPU
		{92D8DA96-F9EC-4000-ADF2-DAB238F32D89}.Release|Any CPU.ActiveCfg = Release|Any CPU
		{92D8DA96-F9EC-4000-ADF2-DAB238F32D89}.Release|Any CPU.Build.0 = Release|Any CPU
	EndGlobalSection
	GlobalSection(SolutionProperties) = preSolution
		HideSolutionNode = FALSE
	EndGlobalSection
	GlobalSection(ExtensibilityGlobals) = postSolution
		SolutionGuid = {DA8D4A0D-07FB-4DA6-8F04-DA31F3651FD4}
	EndGlobalSection
EndGlobal
